
Microsoft Visual Studio Solution File, Format Version 11.00
# Visual Studio 2010
Project("{FAE04EC0-301F-11D3-BF4B-00C04F79EFBC}") = "FizzBuzzApplication", "FizzBuzzApplication\FizzBuzzApplication.csproj", "{B375C34D-52C4-491A-9170-85C025B9F6B4}"
EndProject
Project("{2150E333-8FDC-42A3-9474-1A3956D46DE8}") = "Solution Items", "Solution Items", "{A0500E51-7B75-47B2-B3A0-220937D5DF72}"
	ProjectSection(SolutionItems) = preProject
		FizzBuzzApplication.vsmdi = FizzBuzzApplication.vsmdi
		Local.testsettings = Local.testsettings
		TraceAndTestImpact.testsettings = TraceAndTestImpact.testsettings
	EndProjectSection
EndProject
Global
	GlobalSection(TestCaseManagementSettings) = postSolution
		CategoryFile = FizzBuzzApplication.vsmdi
	EndGlobalSection
	GlobalSection(SolutionConfigurationPlatforms) = preSolution
		Debug|Any CPU = Debug|Any CPU
		Debug|Mixed Platforms = Debug|Mixed Platforms
		Debug|x86 = Debug|x86
		Release|Any CPU = Release|Any CPU
		Release|Mixed Platforms = Release|Mixed Platforms
		Release|x86 = Release|x86
	EndGlobalSection
	GlobalSection(ProjectConfigurationPlatforms) = postSolution
		{B375C34D-52C4-491A-9170-85C025B9F6B4}.Debug|Any CPU.ActiveCfg = Debug|x86
		{B375C34D-52C4-491A-9170-85C025B9F6B4}.Debug|Mixed Platforms.ActiveCfg = Debug|x86
		{B375C34D-52C4-491A-9170-85C025B9F6B4}.Debug|Mixed Platforms.Build.0 = Debug|x86
		{B375C34D-52C4-491A-9170-85C025B9F6B4}.Debug|x86.ActiveCfg = Debug|x86
		{B375C34D-52C4-491A-9170-85C025B9F6B4}.Debug|x86.Build.0 = Debug|x86
		{B375C34D-52C4-491A-9170-85C025B9F6B4}.Release|Any CPU.ActiveCfg = Release|x86
		{B375C34D-52C4-491A-9170-85C025B9F6B4}.Release|Mixed Platforms.ActiveCfg = Release|x86
		{B375C34D-52C4-491A-9170-85C025B9F6B4}.Release|Mixed Platforms.Build.0 = Release|x86
		{B375C34D-52C4-491A-9170-85C025B9F6B4}.Release|x86.ActiveCfg = Release|x86
		{B375C34D-52C4-491A-9170-85C025B9F6B4}.Release|x86.Build.0 = Release|x86
	EndGlobalSection
	GlobalSection(SolutionProperties) = preSolution
		HideSolutionNode = FALSE
	EndGlobalSection
EndGlobal
